
Microsoft Visual Studio Solution File, Format Version 12.00
# Visual Studio Version 17
VisualStudioVersion = 17.1.32414.318
MinimumVisualStudioVersion = 10.0.40219.1
Project("{FAE04EC0-301F-11D3-BF4B-00C04F79EFBC}") = "StoryboardAPI", "StoryboardAPI\StoryboardAPI.csproj", "{C0F7A8B5-D9A1-4CC7-97C8-94AFB81567AA}"
EndProject
Project("{FAE04EC0-301F-11D3-BF4B-00C04F79EFBC}") = "ems.system", "StoryboardAPI\ems.system\ems.system.csproj", "{34BC40B6-D2FB-4EDB-B725-63823B44008B}"
EndProject
Project("{FAE04EC0-301F-11D3-BF4B-00C04F79EFBC}") = "ems.its", "StoryboardAPI\ems.its\ems.its.csproj", "{26586543-278D-4672-9D94-0928A110D4A9}"
EndProject
Project("{FAE04EC0-301F-11D3-BF4B-00C04F79EFBC}") = "ems.asset", "StoryboardAPI\ems.asset\ems.asset.csproj", "{AB5A7253-E80E-4A02-ADB0-F0FBB900B30F}"
EndProject
Project("{FAE04EC0-301F-11D3-BF4B-00C04F79EFBC}") = "ems.idas", "StoryboardAPI\ems.idas\ems.idas.csproj", "{3431AFB3-2405-4082-A318-0CF2577B4E71}"
EndProject
Project("{FAE04EC0-301F-11D3-BF4B-00C04F79EFBC}") = "ems.ecms", "StoryboardAPI\ems.ecms\ems.ecms.csproj", "{05001FDF-D477-4163-8264-30D90044DE4E}"
EndProject
Project("{FAE04EC0-301F-11D3-BF4B-00C04F79EFBC}") = "ems.lgl", "StoryboardAPI\ems.lgl\ems.lgl.csproj", "{65612AD2-84D7-42E0-A2E4-14BBC8CB9F22}"
EndProject
Project("{FAE04EC0-301F-11D3-BF4B-00C04F79EFBC}") = "ems.rsk", "StoryboardAPI\ems.rsk\ems.rsk.csproj", "{4D8C1145-3C2E-4CC5-8F04-CCCFAA230C13}"
EndProject
Project("{FAE04EC0-301F-11D3-BF4B-00C04F79EFBC}") = "ems.osd", "StoryboardAPI\ems.osd\ems.osd.csproj", "{EC506C51-A8B2-4B08-9055-13D0E921E052}"
EndProject
Project("{FAE04EC0-301F-11D3-BF4B-00C04F79EFBC}") = "ems.iasn", "StoryboardAPI\ems.iasn\ems.iasn.csproj", "{FFE92BBF-5AF7-41E8-8D28-871C3FEB08D8}"
EndProject
Project("{FAE04EC0-301F-11D3-BF4B-00C04F79EFBC}") = "ems.sdc", "StoryboardAPI\ems.sdc\ems.sdc.csproj", "{FB597F84-D712-4859-807D-C142C300E3EE}"
EndProject
Project("{FAE04EC0-301F-11D3-BF4B-00C04F79EFBC}") = "ems.hrm", "StoryboardAPI\ems.hrm\ems.hrm.csproj", "{723EED3E-CA92-46AD-AF86-C2BC11DA1B85}"
EndProject
Project("{FAE04EC0-301F-11D3-BF4B-00C04F79EFBC}") = "ems.audit", "StoryboardAPI\ems.audit\ems.audit.csproj", "{39ADEF54-2C51-41F7-A8A1-228E679F88F4}"
EndProject
Project("{FAE04EC0-301F-11D3-BF4B-00C04F79EFBC}") = "ems.foundation", "StoryboardAPI\ems.foundation\ems.foundation.csproj", "{3E2BE10F-7F7E-45B5-8992-9A0268B6D324}"
EndProject
Project("{FAE04EC0-301F-11D3-BF4B-00C04F79EFBC}") = "ems.mastersamagro", "StoryboardAPI\ems.mastersamagro\ems.mastersamagro.csproj", "{951D5F14-1CFB-402B-8E76-B2B505480D3B}"
EndProject
Project("{FAE04EC0-301F-11D3-BF4B-00C04F79EFBC}") = "ems.reports", "StoryboardAPI\ems.reports\ems.reports.csproj", "{C595AC54-63EE-43B7-ACC9-96F051DAE825}"
EndProject
Project("{FAE04EC0-301F-11D3-BF4B-00C04F79EFBC}") = "ems.master", "StoryboardAPI\ems.master\ems.master.csproj", "{4665ED31-019F-4153-B424-9D52E8090284}"
EndProject
Project("{FAE04EC0-301F-11D3-BF4B-00C04F79EFBC}") = "ems.storage", "StoryboardAPI\ems.storage\ems.storage.csproj", "{A95991AF-2F67-41C4-A29C-22CDD52436D9}"
EndProject
Project("{FAE04EC0-301F-11D3-BF4B-00C04F79EFBC}") = "ems.utilities", "StoryboardAPI\ems.utilities\ems.utilities.csproj", "{2EFA6A9B-095E-47BC-9468-43B8ED5A7128}"
EndProject
Project("{FAE04EC0-301F-11D3-BF4B-00C04F79EFBC}") = "ems.ep", "StoryboardAPI\ems.ep\ems.ep.csproj", "{5E898B11-D7F0-4F25-B627-3FAC23ED4350}"
EndProject
Project("{FAE04EC0-301F-11D3-BF4B-00C04F79EFBC}") = "ems.lp", "StoryboardAPI\ems.lp\ems.lp.csproj", "{4040E0CF-3DEF-427C-A719-E632E06EC938}"
EndProject
Project("{FAE04EC0-301F-11D3-BF4B-00C04F79EFBC}") = "ems.vp", "StoryboardAPI\ems.vp\ems.vp.csproj", "{478E98F5-3B2E-483B-A449-5A38BF471DD1}"
EndProject
Project("{FAE04EC0-301F-11D3-BF4B-00C04F79EFBC}") = "ems.businessteam", "StoryboardAPI\ems.businessteam\ems.businessteam.csproj", "{DE5FCD6F-8B89-44AC-9DE0-5C72C16EE31C}"
EndProject
Project("{FAE04EC0-301F-11D3-BF4B-00C04F79EFBC}") = "ems.hbapiconn", "StoryboardAPI\ems.hbapiconn\ems.hbapiconn.csproj", "{A2A9B5CB-ED38-4DCF-B8F6-724EA414461D}"
EndProject
Project("{FAE04EC0-301F-11D3-BF4B-00C04F79EFBC}") = "ems.hrloan", "StoryboardAPI\ems.hrloan\ems.hrloan.csproj", "{0B250A28-FF48-40D1-BD66-6402AD000E96}"
EndProject
Project("{FAE04EC0-301F-11D3-BF4B-00C04F79EFBC}") = "ems.brs", "StoryboardAPI\ems.brs\ems.brs.csproj", "{E765F977-E778-43C4-8DB0-AAA6AB556746}"
EndProject
Global
	GlobalSection(SolutionConfigurationPlatforms) = preSolution
		Debug|Any CPU = Debug|Any CPU
		Release|Any CPU = Release|Any CPU
	EndGlobalSection
	GlobalSection(ProjectConfigurationPlatforms) = postSolution
		{C0F7A8B5-D9A1-4CC7-97C8-94AFB81567AA}.Debug|Any CPU.ActiveCfg = Debug|Any CPU
		{C0F7A8B5-D9A1-4CC7-97C8-94AFB81567AA}.Debug|Any CPU.Build.0 = Debug|Any CPU
		{C0F7A8B5-D9A1-4CC7-97C8-94AFB81567AA}.Release|Any CPU.ActiveCfg = Release|Any CPU
		{C0F7A8B5-D9A1-4CC7-97C8-94AFB81567AA}.Release|Any CPU.Build.0 = Release|Any CPU
		{34BC40B6-D2FB-4EDB-B725-63823B44008B}.Debug|Any CPU.ActiveCfg = Debug|Any CPU
		{34BC40B6-D2FB-4EDB-B725-63823B44008B}.Debug|Any CPU.Build.0 = Debug|Any CPU
		{34BC40B6-D2FB-4EDB-B725-63823B44008B}.Release|Any CPU.ActiveCfg = Release|Any CPU
		{34BC40B6-D2FB-4EDB-B725-63823B44008B}.Release|Any CPU.Build.0 = Release|Any CPU
		{26586543-278D-4672-9D94-0928A110D4A9}.Debug|Any CPU.ActiveCfg = Debug|Any CPU
		{26586543-278D-4672-9D94-0928A110D4A9}.Debug|Any CPU.Build.0 = Debug|Any CPU
		{26586543-278D-4672-9D94-0928A110D4A9}.Release|Any CPU.ActiveCfg = Release|Any CPU
		{26586543-278D-4672-9D94-0928A110D4A9}.Release|Any CPU.Build.0 = Release|Any CPU
		{AB5A7253-E80E-4A02-ADB0-F0FBB900B30F}.Debug|Any CPU.ActiveCfg = Debug|Any CPU
		{AB5A7253-E80E-4A02-ADB0-F0FBB900B30F}.Debug|Any CPU.Build.0 = Debug|Any CPU
		{AB5A7253-E80E-4A02-ADB0-F0FBB900B30F}.Release|Any CPU.ActiveCfg = Release|Any CPU
		{AB5A7253-E80E-4A02-ADB0-F0FBB900B30F}.Release|Any CPU.Build.0 = Release|Any CPU
		{3431AFB3-2405-4082-A318-0CF2577B4E71}.Debug|Any CPU.ActiveCfg = Debug|Any CPU
		{3431AFB3-2405-4082-A318-0CF2577B4E71}.Debug|Any CPU.Build.0 = Debug|Any CPU
		{3431AFB3-2405-4082-A318-0CF2577B4E71}.Release|Any CPU.ActiveCfg = Release|Any CPU
		{3431AFB3-2405-4082-A318-0CF2577B4E71}.Release|Any CPU.Build.0 = Release|Any CPU
		{05001FDF-D477-4163-8264-30D90044DE4E}.Debug|Any CPU.ActiveCfg = Debug|Any CPU
		{05001FDF-D477-4163-8264-30D90044DE4E}.Debug|Any CPU.Build.0 = Debug|Any CPU
		{05001FDF-D477-4163-8264-30D90044DE4E}.Release|Any CPU.ActiveCfg = Release|Any CPU
		{05001FDF-D477-4163-8264-30D90044DE4E}.Release|Any CPU.Build.0 = Release|Any CPU
		{65612AD2-84D7-42E0-A2E4-14BBC8CB9F22}.Debug|Any CPU.ActiveCfg = Debug|Any CPU
		{65612AD2-84D7-42E0-A2E4-14BBC8CB9F22}.Debug|Any CPU.Build.0 = Debug|Any CPU
		{65612AD2-84D7-42E0-A2E4-14BBC8CB9F22}.Release|Any CPU.ActiveCfg = Release|Any CPU
		{65612AD2-84D7-42E0-A2E4-14BBC8CB9F22}.Release|Any CPU.Build.0 = Release|Any CPU
		{4D8C1145-3C2E-4CC5-8F04-CCCFAA230C13}.Debug|Any CPU.ActiveCfg = Debug|Any CPU
		{4D8C1145-3C2E-4CC5-8F04-CCCFAA230C13}.Debug|Any CPU.Build.0 = Debug|Any CPU
		{4D8C1145-3C2E-4CC5-8F04-CCCFAA230C13}.Release|Any CPU.ActiveCfg = Release|Any CPU
		{4D8C1145-3C2E-4CC5-8F04-CCCFAA230C13}.Release|Any CPU.Build.0 = Release|Any CPU
		{EC506C51-A8B2-4B08-9055-13D0E921E052}.Debug|Any CPU.ActiveCfg = Debug|Any CPU
		{EC506C51-A8B2-4B08-9055-13D0E921E052}.Debug|Any CPU.Build.0 = Debug|Any CPU
		{EC506C51-A8B2-4B08-9055-13D0E921E052}.Release|Any CPU.ActiveCfg = Release|Any CPU
		{EC506C51-A8B2-4B08-9055-13D0E921E052}.Release|Any CPU.Build.0 = Release|Any CPU
		{FFE92BBF-5AF7-41E8-8D28-871C3FEB08D8}.Debug|Any CPU.ActiveCfg = Debug|Any CPU
		{FFE92BBF-5AF7-41E8-8D28-871C3FEB08D8}.Debug|Any CPU.Build.0 = Debug|Any CPU
		{FFE92BBF-5AF7-41E8-8D28-871C3FEB08D8}.Release|Any CPU.ActiveCfg = Release|Any CPU
		{FFE92BBF-5AF7-41E8-8D28-871C3FEB08D8}.Release|Any CPU.Build.0 = Release|Any CPU
		{FB597F84-D712-4859-807D-C142C300E3EE}.Debug|Any CPU.ActiveCfg = Debug|Any CPU
		{FB597F84-D712-4859-807D-C142C300E3EE}.Debug|Any CPU.Build.0 = Debug|Any CPU
		{FB597F84-D712-4859-807D-C142C300E3EE}.Release|Any CPU.ActiveCfg = Release|Any CPU
		{FB597F84-D712-4859-807D-C142C300E3EE}.Release|Any CPU.Build.0 = Release|Any CPU
		{723EED3E-CA92-46AD-AF86-C2BC11DA1B85}.Debug|Any CPU.ActiveCfg = Debug|Any CPU
		{723EED3E-CA92-46AD-AF86-C2BC11DA1B85}.Debug|Any CPU.Build.0 = Debug|Any CPU
		{723EED3E-CA92-46AD-AF86-C2BC11DA1B85}.Release|Any CPU.ActiveCfg = Release|Any CPU
		{723EED3E-CA92-46AD-AF86-C2BC11DA1B85}.Release|Any CPU.Build.0 = Release|Any CPU
		{39ADEF54-2C51-41F7-A8A1-228E679F88F4}.Debug|Any CPU.ActiveCfg = Debug|Any CPU
		{39ADEF54-2C51-41F7-A8A1-228E679F88F4}.Debug|Any CPU.Build.0 = Debug|Any CPU
		{39ADEF54-2C51-41F7-A8A1-228E679F88F4}.Release|Any CPU.ActiveCfg = Release|Any CPU
		{39ADEF54-2C51-41F7-A8A1-228E679F88F4}.Release|Any CPU.Build.0 = Release|Any CPU
		{3E2BE10F-7F7E-45B5-8992-9A0268B6D324}.Debug|Any CPU.ActiveCfg = Debug|Any CPU
		{3E2BE10F-7F7E-45B5-8992-9A0268B6D324}.Debug|Any CPU.Build.0 = Debug|Any CPU
		{3E2BE10F-7F7E-45B5-8992-9A0268B6D324}.Release|Any CPU.ActiveCfg = Release|Any CPU
		{3E2BE10F-7F7E-45B5-8992-9A0268B6D324}.Release|Any CPU.Build.0 = Release|Any CPU
		{951D5F14-1CFB-402B-8E76-B2B505480D3B}.Debug|Any CPU.ActiveCfg = Debug|Any CPU
		{951D5F14-1CFB-402B-8E76-B2B505480D3B}.Debug|Any CPU.Build.0 = Debug|Any CPU
		{951D5F14-1CFB-402B-8E76-B2B505480D3B}.Release|Any CPU.ActiveCfg = Release|Any CPU
		{951D5F14-1CFB-402B-8E76-B2B505480D3B}.Release|Any CPU.Build.0 = Release|Any CPU
		{C595AC54-63EE-43B7-ACC9-96F051DAE825}.Debug|Any CPU.ActiveCfg = Debug|Any CPU
		{C595AC54-63EE-43B7-ACC9-96F051DAE825}.Debug|Any CPU.Build.0 = Debug|Any CPU
		{C595AC54-63EE-43B7-ACC9-96F051DAE825}.Release|Any CPU.ActiveCfg = Release|Any CPU
		{C595AC54-63EE-43B7-ACC9-96F051DAE825}.Release|Any CPU.Build.0 = Release|Any CPU
		{4665ED31-019F-4153-B424-9D52E8090284}.Debug|Any CPU.ActiveCfg = Debug|Any CPU
		{4665ED31-019F-4153-B424-9D52E8090284}.Debug|Any CPU.Build.0 = Debug|Any CPU
		{4665ED31-019F-4153-B424-9D52E8090284}.Release|Any CPU.ActiveCfg = Release|Any CPU
		{4665ED31-019F-4153-B424-9D52E8090284}.Release|Any CPU.Build.0 = Release|Any CPU
		{A95991AF-2F67-41C4-A29C-22CDD52436D9}.Debug|Any CPU.ActiveCfg = Debug|Any CPU
		{A95991AF-2F67-41C4-A29C-22CDD52436D9}.Debug|Any CPU.Build.0 = Debug|Any CPU
		{A95991AF-2F67-41C4-A29C-22CDD52436D9}.Release|Any CPU.ActiveCfg = Release|Any CPU
		{A95991AF-2F67-41C4-A29C-22CDD52436D9}.Release|Any CPU.Build.0 = Release|Any CPU
		{2EFA6A9B-095E-47BC-9468-43B8ED5A7128}.Debug|Any CPU.ActiveCfg = Debug|Any CPU
		{2EFA6A9B-095E-47BC-9468-43B8ED5A7128}.Debug|Any CPU.Build.0 = Debug|Any CPU
		{2EFA6A9B-095E-47BC-9468-43B8ED5A7128}.Release|Any CPU.ActiveCfg = Release|Any CPU
		{2EFA6A9B-095E-47BC-9468-43B8ED5A7128}.Release|Any CPU.Build.0 = Release|Any CPU
		{5E898B11-D7F0-4F25-B627-3FAC23ED4350}.Debug|Any CPU.ActiveCfg = Debug|Any CPU
		{5E898B11-D7F0-4F25-B627-3FAC23ED4350}.Debug|Any CPU.Build.0 = Debug|Any CPU
		{5E898B11-D7F0-4F25-B627-3FAC23ED4350}.Release|Any CPU.ActiveCfg = Release|Any CPU
		{5E898B11-D7F0-4F25-B627-3FAC23ED4350}.Release|Any CPU.Build.0 = Release|Any CPU
		{4040E0CF-3DEF-427C-A719-E632E06EC938}.Debug|Any CPU.ActiveCfg = Debug|Any CPU
		{4040E0CF-3DEF-427C-A719-E632E06EC938}.Debug|Any CPU.Build.0 = Debug|Any CPU
		{4040E0CF-3DEF-427C-A719-E632E06EC938}.Release|Any CPU.ActiveCfg = Release|Any CPU
		{4040E0CF-3DEF-427C-A719-E632E06EC938}.Release|Any CPU.Build.0 = Release|Any CPU
		{478E98F5-3B2E-483B-A449-5A38BF471DD1}.Debug|Any CPU.ActiveCfg = Debug|Any CPU
		{478E98F5-3B2E-483B-A449-5A38BF471DD1}.Debug|Any CPU.Build.0 = Debug|Any CPU
		{478E98F5-3B2E-483B-A449-5A38BF471DD1}.Release|Any CPU.ActiveCfg = Release|Any CPU
		{478E98F5-3B2E-483B-A449-5A38BF471DD1}.Release|Any CPU.Build.0 = Release|Any CPU
		{DE5FCD6F-8B89-44AC-9DE0-5C72C16EE31C}.Debug|Any CPU.ActiveCfg = Debug|Any CPU
		{DE5FCD6F-8B89-44AC-9DE0-5C72C16EE31C}.Debug|Any CPU.Build.0 = Debug|Any CPU
		{DE5FCD6F-8B89-44AC-9DE0-5C72C16EE31C}.Release|Any CPU.ActiveCfg = Release|Any CPU
		{DE5FCD6F-8B89-44AC-9DE0-5C72C16EE31C}.Release|Any CPU.Build.0 = Release|Any CPU
		{A2A9B5CB-ED38-4DCF-B8F6-724EA414461D}.Debug|Any CPU.ActiveCfg = Debug|Any CPU
		{A2A9B5CB-ED38-4DCF-B8F6-724EA414461D}.Debug|Any CPU.Build.0 = Debug|Any CPU
		{A2A9B5CB-ED38-4DCF-B8F6-724EA414461D}.Release|Any CPU.ActiveCfg = Release|Any CPU
		{A2A9B5CB-ED38-4DCF-B8F6-724EA414461D}.Release|Any CPU.Build.0 = Release|Any CPU
		{0B250A28-FF48-40D1-BD66-6402AD000E96}.Debug|Any CPU.ActiveCfg = Debug|Any CPU
		{0B250A28-FF48-40D1-BD66-6402AD000E96}.Debug|Any CPU.Build.0 = Debug|Any CPU
		{0B250A28-FF48-40D1-BD66-6402AD000E96}.Release|Any CPU.ActiveCfg = Release|Any CPU
		{0B250A28-FF48-40D1-BD66-6402AD000E96}.Release|Any CPU.Build.0 = Release|Any CPU
		{E765F977-E778-43C4-8DB0-AAA6AB556746}.Debug|Any CPU.ActiveCfg = Debug|Any CPU
		{E765F977-E778-43C4-8DB0-AAA6AB556746}.Debug|Any CPU.Build.0 = Debug|Any CPU
		{E765F977-E778-43C4-8DB0-AAA6AB556746}.Release|Any CPU.ActiveCfg = Release|Any CPU
		{E765F977-E778-43C4-8DB0-AAA6AB556746}.Release|Any CPU.Build.0 = Release|Any CPU
	EndGlobalSection
	GlobalSection(SolutionProperties) = preSolution
		HideSolutionNode = FALSE
	EndGlobalSection
	GlobalSection(ExtensibilityGlobals) = postSolution
		SolutionGuid = {F502E7A0-1A18-49AC-B434-664C5E0F8495}
	EndGlobalSection
EndGlobal
